
Microsoft Visual Studio Solution File, Format Version 12.00
# Visual Studio Version 16
VisualStudioVersion = 16.0.30011.22
MinimumVisualStudioVersion = 10.0.40219.1
Project("{9A19103F-16F7-4668-BE54-9A1E7A4F7556}") = "Strategy", "Strategy.csproj", "{AE0E7A98-DEA8-4ECE-8705-A04C471B629E}"
EndProject
Global
	GlobalSection(SolutionConfigurationPlatforms) = preSolution
		Debug|Any CPU = Debug|Any CPU
		Release|Any CPU = Release|Any CPU
	EndGlobalSection
	GlobalSection(ProjectConfigurationPlatforms) = postSolution
		{AE0E7A98-DEA8-4ECE-8705-A04C471B629E}.Debug|Any CPU.ActiveCfg = Debug|Any CPU
		{AE0E7A98-DEA8-4ECE-8705-A04C471B629E}.Debug|Any CPU.Build.0 = Debug|Any CPU
		{AE0E7A98-DEA8-4ECE-8705-A04C471B629E}.Release|Any CPU.ActiveCfg = Release|Any CPU
		{AE0E7A98-DEA8-4ECE-8705-A04C471B629E}.Release|Any CPU.Build.0 = Release|Any CPU
	EndGlobalSection
	GlobalSection(SolutionProperties) = preSolution
		HideSolutionNode = FALSE
	EndGlobalSection
	GlobalSection(ExtensibilityGlobals) = postSolution
		SolutionGuid = {3E5C210E-A0AF-495F-8512-50D26CAFEBBA}
	EndGlobalSection
EndGlobal
